
Microsoft Visual Studio Solution File, Format Version 12.00
# Visual Studio Version 17
VisualStudioVersion = 17.4.33122.133
MinimumVisualStudioVersion = 10.0.40219.1
Project("{FAE04EC0-301F-11D3-BF4B-00C04F79EFBC}") = "ClientCertificate", "ClientCertificate\ClientCertificate.csproj", "{B1B53DAA-F9DA-4B66-8999-0E05A6064BCC}"
EndProject
Global
	GlobalSection(SolutionConfigurationPlatforms) = preSolution
		Debug|Any CPU = Debug|Any CPU
		Release|Any CPU = Release|Any CPU
	EndGlobalSection
	GlobalSection(ProjectConfigurationPlatforms) = postSolution
		{B1B53DAA-F9DA-4B66-8999-0E05A6064BCC}.Debug|Any CPU.ActiveCfg = Debug|Any CPU
		{B1B53DAA-F9DA-4B66-8999-0E05A6064BCC}.Debug|Any CPU.Build.0 = Debug|Any CPU
		{B1B53DAA-F9DA-4B66-8999-0E05A6064BCC}.Release|Any CPU.ActiveCfg = Release|Any CPU
		{B1B53DAA-F9DA-4B66-8999-0E05A6064BCC}.Release|Any CPU.Build.0 = Release|Any CPU
	EndGlobalSection
	GlobalSection(SolutionProperties) = preSolution
		HideSolutionNode = FALSE
	EndGlobalSection
	GlobalSection(ExtensibilityGlobals) = postSolution
		SolutionGuid = {6EE68084-9219-4AE6-A5E6-96C561E1A21C}
	EndGlobalSection
EndGlobal
